// !$*UTF8*$!
{
	archiveVersion = 1;
	classes = {
	};
	objectVersion = 46;
	objects = {

/* Begin PBXBuildFile section */
		9EE48E43130DDD4D005491E1 /* UIKit.framework in Frameworks */ = {isa = PBXBuildFile; fileRef = 9EE48E42130DDD4D005491E1 /* UIKit.framework */; };
		9EE48E45130DDD4D005491E1 /* Foundation.framework in Frameworks */ = {isa = PBXBuildFile; fileRef = 9EE48E44130DDD4D005491E1 /* Foundation.framework */; };
		9EE48E47130DDD4D005491E1 /* CoreGraphics.framework in Frameworks */ = {isa = PBXBuildFile; fileRef = 9EE48E46130DDD4D005491E1 /* CoreGraphics.framework */; };
		9EE48E4D130DDD4D005491E1 /* InfoPlist.strings in Resources */ = {isa = PBXBuildFile; fileRef = 9EE48E4B130DDD4D005491E1 /* InfoPlist.strings */; };
		9EE48E50130DDD4D005491E1 /* main.m in Sources */ = {isa = PBXBuildFile; fileRef = 9EE48E4F130DDD4D005491E1 /* main.m */; };
		9EE48E53130DDD4D005491E1 /* HypnoTimeAppDelegate.m in Sources */ = {isa = PBXBuildFile; fileRef = 9EE48E52130DDD4D005491E1 /* HypnoTimeAppDelegate.m */; };
		9EE48E56130DDD4D005491E1 /* MainWindow.xib in Resources */ = {isa = PBXBuildFile; fileRef = 9EE48E54130DDD4D005491E1 /* MainWindow.xib */; };
		9EE48E5E130DDD88005491E1 /* HypnosisView.m in Sources */ = {isa = PBXBuildFile; fileRef = 9EE48E5C130DDD88005491E1 /* HypnosisView.m */; };
		9EE48E65130DDF6F005491E1 /* CurrentTimeViewController.m in Sources */ = {isa = PBXBuildFile; fileRef = 9EE48E64130DDF6F005491E1 /* CurrentTimeViewController.m */; };
		9EE48E68130DDF9E005491E1 /* HypnosisViewController.m in Sources */ = {isa = PBXBuildFile; fileRef = 9EE48E67130DDF9E005491E1 /* HypnosisViewController.m */; };
		9EE48E6A130DE302005491E1 /* CurrentTimeViewController.xib in Resources */ = {isa = PBXBuildFile; fileRef = 9EE48E69130DE302005491E1 /* CurrentTimeViewController.xib */; };
		BE0B4AE8135E75620038C398 /* Hypno.png in Resources */ = {isa = PBXBuildFile; fileRef = BE0B4AE4135E75620038C398 /* Hypno.png */; };
		BE0B4AEB135E75620038C398 /* Time.png in Resources */ = {isa = PBXBuildFile; fileRef = BE0B4AE7135E75620038C398 /* Time.png */; };
/* End PBXBuildFile section */

/* Begin PBXFileReference section */
		9EE48E3E130DDD4D005491E1 /* HypnoTime.app */ = {isa = PBXFileReference; explicitFileType = wrapper.application; includeInIndex = 0; path = HypnoTime.app; sourceTree = BUILT_PRODUCTS_DIR; };
		9EE48E42130DDD4D005491E1 /* UIKit.framework */ = {isa = PBXFileReference; lastKnownFileType = wrapper.framework; name = UIKit.framework; path = System/Library/Frameworks/UIKit.framework; sourceTree = SDKROOT; };
		9EE48E44130DDD4D005491E1 /* Foundation.framework */ = {isa = PBXFileReference; lastKnownFileType = wrapper.framework; name = Foundation.framework; path = System/Library/Frameworks/Foundation.framework; sourceTree = SDKROOT; };
		9EE48E46130DDD4D005491E1 /* CoreGraphics.framework */ = {isa = PBXFileReference; lastKnownFileType = wrapper.framework; name = CoreGraphics.framework; path = System/Library/Frameworks/CoreGraphics.framework; sourceTree = SDKROOT; };
		9EE48E4A130DDD4D005491E1 /* HypnoTime-Info.plist */ = {isa = PBXFileReference; lastKnownFileType = text.plist.xml; path = "HypnoTime-Info.plist"; sourceTree = "<group>"; };
		9EE48E4C130DDD4D005491E1 /* en */ = {isa = PBXFileReference; lastKnownFileType = text.plist.strings; name = en; path = en.lproj/InfoPlist.strings; sourceTree = "<group>"; };
		9EE48E4E130DDD4D005491E1 /* HypnoTime-Prefix.pch */ = {isa = PBXFileReference; lastKnownFileType = sourcecode.c.h; path = "HypnoTime-Prefix.pch"; sourceTree = "<group>"; };
		9EE48E4F130DDD4D005491E1 /* main.m */ = {isa = PBXFileReference; lastKnownFileType = sourcecode.c.objc; path = main.m; sourceTree = "<group>"; };
		9EE48E51130DDD4D005491E1 /* HypnoTimeAppDelegate.h */ = {isa = PBXFileReference; lastKnownFileType = sourcecode.c.h; path = HypnoTimeAppDelegate.h; sourceTree = "<group>"; };
		9EE48E52130DDD4D005491E1 /* HypnoTimeAppDelegate.m */ = {isa = PBXFileReference; lastKnownFileType = sourcecode.c.objc; path = HypnoTimeAppDelegate.m; sourceTree = "<group>"; };
		9EE48E55130DDD4D005491E1 /* en */ = {isa = PBXFileReference; lastKnownFileType = file.xib; name = en; path = en.lproj/MainWindow.xib; sourceTree = "<group>"; };
		9EE48E5C130DDD88005491E1 /* HypnosisView.m */ = {isa = PBXFileReference; fileEncoding = 4; lastKnownFileType = sourcecode.c.objc; path = HypnosisView.m; sourceTree = "<group>"; };
		9EE48E5D130DDD88005491E1 /* HypnosisView.h */ = {isa = PBXFileReference; fileEncoding = 4; lastKnownFileType = sourcecode.c.h; path = HypnosisView.h; sourceTree = "<group>"; };
		9EE48E63130DDF6F005491E1 /* CurrentTimeViewController.h */ = {isa = PBXFileReference; fileEncoding = 4; lastKnownFileType = sourcecode.c.h; path = CurrentTimeViewController.h; sourceTree = "<group>"; };
		9EE48E64130DDF6F005491E1 /* CurrentTimeViewController.m */ = {isa = PBXFileReference; fileEncoding = 4; lastKnownFileType = sourcecode.c.objc; path = CurrentTimeViewController.m; sourceTree = "<group>"; };
		9EE48E66130DDF9E005491E1 /* HypnosisViewController.h */ = {isa = PBXFileReference; fileEncoding = 4; lastKnownFileType = sourcecode.c.h; path = HypnosisViewController.h; sourceTree = "<group>"; };
		9EE48E67130DDF9E005491E1 /* HypnosisViewController.m */ = {isa = PBXFileReference; fileEncoding = 4; lastKnownFileType = sourcecode.c.objc; path = HypnosisViewController.m; sourceTree = "<group>"; };
		9EE48E69130DE302005491E1 /* CurrentTimeViewController.xib */ = {isa = PBXFileReference; fileEncoding = 4; lastKnownFileType = file.xib; path = CurrentTimeViewController.xib; sourceTree = "<group>"; };
		BE0B4AE4135E75620038C398 /* Hypno.png */ = {isa = PBXFileReference; lastKnownFileType = image.png; path = Hypno.png; sourceTree = "<group>"; };
		BE0B4AE7135E75620038C398 /* Time.png */ = {isa = PBXFileReference; lastKnownFileType = image.png; path = Time.png; sourceTree = "<group>"; };
/* End PBXFileReference section */

/* Begin PBXFrameworksBuildPhase section */
		9EE48E3B130DDD4D005491E1 /* Frameworks */ = {
			isa = PBXFrameworksBuildPhase;
			buildActionMask = 2147483647;
			files = (
				9EE48E43130DDD4D005491E1 /* UIKit.framework in Frameworks */,
				9EE48E45130DDD4D005491E1 /* Foundation.framework in Frameworks */,
				9EE48E47130DDD4D005491E1 /* CoreGraphics.framework in Frameworks */,
			);
			runOnlyForDeploymentPostprocessing = 0;
		};
/* End PBXFrameworksBuildPhase section */

/* Begin PBXGroup section */
		9EE48E33130DDD4D005491E1 = {
			isa = PBXGroup;
			children = (
				9EE48E48130DDD4D005491E1 /* HypnoTime */,
				9EE48E41130DDD4D005491E1 /* Frameworks */,
				9EE48E3F130DDD4D005491E1 /* Products */,
			);
			sourceTree = "<group>";
		};
		9EE48E3F130DDD4D005491E1 /* Products */ = {
			isa = PBXGroup;
			children = (
				9EE48E3E130DDD4D005491E1 /* HypnoTime.app */,
			);
			name = Products;
			sourceTree = "<group>";
		};
		9EE48E41130DDD4D005491E1 /* Frameworks */ = {
			isa = PBXGroup;
			children = (
				9EE48E42130DDD4D005491E1 /* UIKit.framework */,
				9EE48E44130DDD4D005491E1 /* Foundation.framework */,
				9EE48E46130DDD4D005491E1 /* CoreGraphics.framework */,
			);
			name = Frameworks;
			sourceTree = "<group>";
		};
		9EE48E48130DDD4D005491E1 /* HypnoTime */ = {
			isa = PBXGroup;
			children = (
				9EE48E5C130DDD88005491E1 /* HypnosisView.m */,
				9EE48E5D130DDD88005491E1 /* HypnosisView.h */,
				9EE48E51130DDD4D005491E1 /* HypnoTimeAppDelegate.h */,
				9EE48E52130DDD4D005491E1 /* HypnoTimeAppDelegate.m */,
				9EE48E54130DDD4D005491E1 /* MainWindow.xib */,
				9EE48E63130DDF6F005491E1 /* CurrentTimeViewController.h */,
				9EE48E64130DDF6F005491E1 /* CurrentTimeViewController.m */,
				9EE48E69130DE302005491E1 /* CurrentTimeViewController.xib */,
				9EE48E66130DDF9E005491E1 /* HypnosisViewController.h */,
				9EE48E67130DDF9E005491E1 /* HypnosisViewController.m */,
				9EE48E49130DDD4D005491E1 /* Supporting Files */,
			);
			path = HypnoTime;
			sourceTree = "<group>";
		};
		9EE48E49130DDD4D005491E1 /* Supporting Files */ = {
			isa = PBXGroup;
			children = (
				BE0B4AE4135E75620038C398 /* Hypno.png */,
				BE0B4AE7135E75620038C398 /* Time.png */,
				9EE48E4A130DDD4D005491E1 /* HypnoTime-Info.plist */,
				9EE48E4B130DDD4D005491E1 /* InfoPlist.strings */,
				9EE48E4E130DDD4D005491E1 /* HypnoTime-Prefix.pch */,
				9EE48E4F130DDD4D005491E1 /* main.m */,
			);
			name = "Supporting Files";
			sourceTree = "<group>";
		};
/* End PBXGroup section */

/* Begin PBXNativeTarget section */
		9EE48E3D130DDD4D005491E1 /* HypnoTime */ = {
			isa = PBXNativeTarget;
			buildConfigurationList = 9EE48E59130DDD4D005491E1 /* Build configuration list for PBXNativeTarget "HypnoTime" */;
			buildPhases = (
				9EE48E3A130DDD4D005491E1 /* Sources */,
				9EE48E3B130DDD4D005491E1 /* Frameworks */,
				9EE48E3C130DDD4D005491E1 /* Resources */,
			);
			buildRules = (
			);
			dependencies = (
			);
			name = HypnoTime;
			productName = HypnoTime;
			productReference = 9EE48E3E130DDD4D005491E1 /* HypnoTime.app */;
			productType = "com.apple.product-type.application";
		};
/* End PBXNativeTarget section */

/* Begin PBXProject section */
		9EE48E35130DDD4D005491E1 /* Project object */ = {
			isa = PBXProject;
			attributes = {
				LastUpgradeCheck = 0450;
			};
			buildConfigurationList = 9EE48E38130DDD4D005491E1 /* Build configuration list for PBXProject "HypnoTime" */;
			compatibilityVersion = "Xcode 3.2";
			developmentRegion = English;
			hasScannedForEncodings = 0;
			knownRegions = (
				en,
			);
			mainGroup = 9EE48E33130DDD4D005491E1;
			productRefGroup = 9EE48E3F130DDD4D005491E1 /* Products */;
			projectDirPath = "";
			projectRoot = "";
			targets = (
				9EE48E3D130DDD4D005491E1 /* HypnoTime */,
			);
		};
/* End PBXProject section */

/* Begin PBXResourcesBuildPhase section */
		9EE48E3C130DDD4D005491E1 /* Resources */ = {
			isa = PBXResourcesBuildPhase;
			buildActionMask = 2147483647;
			files = (
				9EE48E4D130DDD4D005491E1 /* InfoPlist.strings in Resources */,
				9EE48E56130DDD4D005491E1 /* MainWindow.xib in Resources */,
				9EE48E6A130DE302005491E1 /* CurrentTimeViewController.xib in Resources */,
				BE0B4AE8135E75620038C398 /* Hypno.png in Resources */,
				BE0B4AEB135E75620038C398 /* Time.png in Resources */,
			);
			runOnlyForDeploymentPostprocessing = 0;
		};
/* End PBXResourcesBuildPhase section */

/* Begin PBXSourcesBuildPhase section */
		9EE48E3A130DDD4D005491E1 /* Sources */ = {
			isa = PBXSourcesBuildPhase;
			buildActionMask = 2147483647;
			files = (
				9EE48E50130DDD4D005491E1 /* main.m in Sources */,
				9EE48E53130DDD4D005491E1 /* HypnoTimeAppDelegate.m in Sources */,
				9EE48E5E130DDD88005491E1 /* HypnosisView.m in Sources */,
				9EE48E65130DDF6F005491E1 /* CurrentTimeViewController.m in Sources */,
				9EE48E68130DDF9E005491E1 /* HypnosisViewController.m in Sources */,
			);
			runOnlyForDeploymentPostprocessing = 0;
		};
/* End PBXSourcesBuildPhase section */

/* Begin PBXVariantGroup section */
		9EE48E4B130DDD4D005491E1 /* InfoPlist.strings */ = {
			isa = PBXVariantGroup;
			children = (
				9EE48E4C130DDD4D005491E1 /* en */,
			);
			name = InfoPlist.strings;
			sourceTree = "<group>";
		};
		9EE48E54130DDD4D005491E1 /* MainWindow.xib */ = {
			isa = PBXVariantGroup;
			children = (
				9EE48E55130DDD4D005491E1 /* en */,
			);
			name = MainWindow.xib;
			sourceTree = "<group>";
		};
/* End PBXVariantGroup section */

/* Begin XCBuildConfiguration section */
		9EE48E57130DDD4D005491E1 /* Debug */ = {
			isa = XCBuildConfiguration;
			buildSettings = {
				ARCHS = "$(ARCHS_STANDARD_32_BIT)";
				"CODE_SIGN_IDENTITY[sdk=iphoneos*]" = "iPhone Developer";
				GCC_C_LANGUAGE_STANDARD = gnu99;
				GCC_OPTIMIZATION_LEVEL = 0;
				GCC_PREPROCESSOR_DEFINITIONS = DEBUG;
				GCC_VERSION = com.apple.compilers.llvmgcc42;
				GCC_WARN_ABOUT_RETURN_TYPE = YES;
				GCC_WARN_UNUSED_VARIABLE = YES;
				IPHONEOS_DEPLOYMENT_TARGET = 4.2;
				SDKROOT = iphoneos;
			};
			name = Debug;
		};
		9EE48E58130DDD4D005491E1 /* Release */ = {
			isa = XCBuildConfiguration;
			buildSettings = {
				ARCHS = "$(ARCHS_STANDARD_32_BIT)";
				"CODE_SIGN_IDENTITY[sdk=iphoneos*]" = "iPhone Developer";
				GCC_C_LANGUAGE_STANDARD = gnu99;
				GCC_VERSION = com.apple.compilers.llvmgcc42;
				GCC_WARN_ABOUT_RETURN_TYPE = YES;
				GCC_WARN_UNUSED_VARIABLE = YES;
				IPHONEOS_DEPLOYMENT_TARGET = 4.2;
				OTHER_CFLAGS = "-DNS_BLOCK_ASSERTIONS=1";
				SDKROOT = iphoneos;
			};
			name = Release;
		};
		9EE48E5A130DDD4D005491E1 /* Debug */ = {
			isa = XCBuildConfiguration;
			buildSettings = {
				ALWAYS_SEARCH_USER_PATHS = NO;
				COPY_PHASE_STRIP = NO;
				GCC_DYNAMIC_NO_PIC = NO;
				GCC_PRECOMPILE_PREFIX_HEADER = YES;
				GCC_PREFIX_HEADER = "HypnoTime/HypnoTime-Prefix.pch";
				GCC_VERSION = com.apple.compilers.llvm.clang.1_0;
				INFOPLIST_FILE = "HypnoTime/HypnoTime-Info.plist";
				INSTALL_PATH = "$(LOCAL_APPS_DIR)";
				PRODUCT_NAME = "$(TARGET_NAME)";
				WRAPPER_EXTENSION = app;
			};
			name = Debug;
		};
		9EE48E5B130DDD4D005491E1 /* Release */ = {
			isa = XCBuildConfiguration;
			buildSettings = {
				ALWAYS_SEARCH_USER_PATHS = NO;
				COPY_PHASE_STRIP = YES;
				GCC_PRECOMPILE_PREFIX_HEADER = YES;
				GCC_PREFIX_HEADER = "HypnoTime/HypnoTime-Prefix.pch";
				GCC_VERSION = com.apple.compilers.llvm.clang.1_0;
				INFOPLIST_FILE = "HypnoTime/HypnoTime-Info.plist";
				INSTALL_PATH = "$(LOCAL_APPS_DIR)";
				PRODUCT_NAME = "$(TARGET_NAME)";
				VALIDATE_PRODUCT = YES;
				WRAPPER_EXTENSION = app;
			};
			name = Release;
		};
/* End XCBuildConfiguration section */

/* Begin XCConfigurationList section */
		9EE48E38130DDD4D005491E1 /* Build configuration list for PBXProject "HypnoTime" */ = {
			isa = XCConfigurationList;
			buildConfigurations = (
				9EE48E57130DDD4D005491E1 /* Debug */,
				9EE48E58130DDD4D005491E1 /* Release */,
			);
			defaultConfigurationIsVisible = 0;
			defaultConfigurationName = Release;
		};
		9EE48E59130DDD4D005491E1 /* Build configuration list for PBXNativeTarget "HypnoTime" */ = {
			isa = XCConfigurationList;
			buildConfigurations = (
				9EE48E5A130DDD4D005491E1 /* Debug */,
				9EE48E5B130DDD4D005491E1 /* Release */,
			);
			defaultConfigurationIsVisible = 0;
			defaultConfigurationName = Release;
		};
/* End XCConfigurationList section */
	};
	rootObject = 9EE48E35130DDD4D005491E1 /* Project object */;
}
