// !$*UTF8*$!
{
	archiveVersion = 1;
	classes = {
	};
	objectVersion = 46;
	objects = {

/* Begin PBXBuildFile section */
		9ED13A21132098ED00A04A44 /* UIKit.framework in Frameworks */ = {isa = PBXBuildFile; fileRef = 9ED13A20132098ED00A04A44 /* UIKit.framework */; };
		9ED13A23132098ED00A04A44 /* Foundation.framework in Frameworks */ = {isa = PBXBuildFile; fileRef = 9ED13A22132098ED00A04A44 /* Foundation.framework */; };
		9ED13A25132098ED00A04A44 /* CoreGraphics.framework in Frameworks */ = {isa = PBXBuildFile; fileRef = 9ED13A24132098ED00A04A44 /* CoreGraphics.framework */; };
		9ED13A2B132098ED00A04A44 /* InfoPlist.strings in Resources */ = {isa = PBXBuildFile; fileRef = 9ED13A29132098ED00A04A44 /* InfoPlist.strings */; };
		9ED13A2E132098ED00A04A44 /* main.m in Sources */ = {isa = PBXBuildFile; fileRef = 9ED13A2D132098ED00A04A44 /* main.m */; };
		9ED13A401320992900A04A44 /* TouchTrackerAppDelegate.m in Sources */ = {isa = PBXBuildFile; fileRef = 9ED13A3A1320992900A04A44 /* TouchTrackerAppDelegate.m */; };
		9ED13A411320992900A04A44 /* TouchDrawView.m in Sources */ = {isa = PBXBuildFile; fileRef = 9ED13A3B1320992900A04A44 /* TouchDrawView.m */; };
		9ED13A421320992900A04A44 /* Line.m in Sources */ = {isa = PBXBuildFile; fileRef = 9ED13A3E1320992900A04A44 /* Line.m */; };
		9ED13A44132099CC00A04A44 /* MainWindow.xib in Resources */ = {isa = PBXBuildFile; fileRef = 9ED13A43132099CC00A04A44 /* MainWindow.xib */; };
		9ED13A4613209FCF00A04A44 /* QuartzCore.framework in Frameworks */ = {isa = PBXBuildFile; fileRef = 9ED13A4513209FCF00A04A44 /* QuartzCore.framework */; };
		9ED13A491320A3FD00A04A44 /* UIColor+Extract.m in Sources */ = {isa = PBXBuildFile; fileRef = 9ED13A481320A3FB00A04A44 /* UIColor+Extract.m */; };
/* End PBXBuildFile section */

/* Begin PBXFileReference section */
		9ED13A1C132098ED00A04A44 /* TouchTracker.app */ = {isa = PBXFileReference; explicitFileType = wrapper.application; includeInIndex = 0; path = TouchTracker.app; sourceTree = BUILT_PRODUCTS_DIR; };
		9ED13A20132098ED00A04A44 /* UIKit.framework */ = {isa = PBXFileReference; lastKnownFileType = wrapper.framework; name = UIKit.framework; path = System/Library/Frameworks/UIKit.framework; sourceTree = SDKROOT; };
		9ED13A22132098ED00A04A44 /* Foundation.framework */ = {isa = PBXFileReference; lastKnownFileType = wrapper.framework; name = Foundation.framework; path = System/Library/Frameworks/Foundation.framework; sourceTree = SDKROOT; };
		9ED13A24132098ED00A04A44 /* CoreGraphics.framework */ = {isa = PBXFileReference; lastKnownFileType = wrapper.framework; name = CoreGraphics.framework; path = System/Library/Frameworks/CoreGraphics.framework; sourceTree = SDKROOT; };
		9ED13A28132098ED00A04A44 /* TouchTracker-Info.plist */ = {isa = PBXFileReference; lastKnownFileType = text.plist.xml; path = "TouchTracker-Info.plist"; sourceTree = "<group>"; };
		9ED13A2A132098ED00A04A44 /* en */ = {isa = PBXFileReference; lastKnownFileType = text.plist.strings; name = en; path = en.lproj/InfoPlist.strings; sourceTree = "<group>"; };
		9ED13A2C132098ED00A04A44 /* TouchTracker-Prefix.pch */ = {isa = PBXFileReference; lastKnownFileType = sourcecode.c.h; path = "TouchTracker-Prefix.pch"; sourceTree = "<group>"; };
		9ED13A2D132098ED00A04A44 /* main.m */ = {isa = PBXFileReference; lastKnownFileType = sourcecode.c.objc; path = main.m; sourceTree = "<group>"; };
		9ED13A3A1320992900A04A44 /* TouchTrackerAppDelegate.m */ = {isa = PBXFileReference; fileEncoding = 4; lastKnownFileType = sourcecode.c.objc; path = TouchTrackerAppDelegate.m; sourceTree = "<group>"; };
		9ED13A3B1320992900A04A44 /* TouchDrawView.m */ = {isa = PBXFileReference; fileEncoding = 4; lastKnownFileType = sourcecode.c.objc; path = TouchDrawView.m; sourceTree = "<group>"; };
		9ED13A3C1320992900A04A44 /* TouchDrawView.h */ = {isa = PBXFileReference; fileEncoding = 4; lastKnownFileType = sourcecode.c.h; path = TouchDrawView.h; sourceTree = "<group>"; };
		9ED13A3D1320992900A04A44 /* TouchTrackerAppDelegate.h */ = {isa = PBXFileReference; fileEncoding = 4; lastKnownFileType = sourcecode.c.h; path = TouchTrackerAppDelegate.h; sourceTree = "<group>"; };
		9ED13A3E1320992900A04A44 /* Line.m */ = {isa = PBXFileReference; fileEncoding = 4; lastKnownFileType = sourcecode.c.objc; path = Line.m; sourceTree = "<group>"; };
		9ED13A3F1320992900A04A44 /* Line.h */ = {isa = PBXFileReference; fileEncoding = 4; lastKnownFileType = sourcecode.c.h; path = Line.h; sourceTree = "<group>"; };
		9ED13A43132099CC00A04A44 /* MainWindow.xib */ = {isa = PBXFileReference; fileEncoding = 4; lastKnownFileType = file.xib; path = MainWindow.xib; sourceTree = "<group>"; };
		9ED13A4513209FCF00A04A44 /* QuartzCore.framework */ = {isa = PBXFileReference; lastKnownFileType = wrapper.framework; name = QuartzCore.framework; path = System/Library/Frameworks/QuartzCore.framework; sourceTree = SDKROOT; };
		9ED13A471320A3FA00A04A44 /* UIColor+Extract.h */ = {isa = PBXFileReference; fileEncoding = 4; lastKnownFileType = sourcecode.c.h; path = "UIColor+Extract.h"; sourceTree = "<group>"; };
		9ED13A481320A3FB00A04A44 /* UIColor+Extract.m */ = {isa = PBXFileReference; fileEncoding = 4; lastKnownFileType = sourcecode.c.objc; path = "UIColor+Extract.m"; sourceTree = "<group>"; };
/* End PBXFileReference section */

/* Begin PBXFrameworksBuildPhase section */
		9ED13A19132098ED00A04A44 /* Frameworks */ = {
			isa = PBXFrameworksBuildPhase;
			buildActionMask = 2147483647;
			files = (
				9ED13A4613209FCF00A04A44 /* QuartzCore.framework in Frameworks */,
				9ED13A21132098ED00A04A44 /* UIKit.framework in Frameworks */,
				9ED13A23132098ED00A04A44 /* Foundation.framework in Frameworks */,
				9ED13A25132098ED00A04A44 /* CoreGraphics.framework in Frameworks */,
			);
			runOnlyForDeploymentPostprocessing = 0;
		};
/* End PBXFrameworksBuildPhase section */

/* Begin PBXGroup section */
		9ED13A11132098ED00A04A44 = {
			isa = PBXGroup;
			children = (
				9ED13A26132098ED00A04A44 /* TouchTracker */,
				9ED13A1F132098ED00A04A44 /* Frameworks */,
				9ED13A1D132098ED00A04A44 /* Products */,
			);
			sourceTree = "<group>";
		};
		9ED13A1D132098ED00A04A44 /* Products */ = {
			isa = PBXGroup;
			children = (
				9ED13A1C132098ED00A04A44 /* TouchTracker.app */,
			);
			name = Products;
			sourceTree = "<group>";
		};
		9ED13A1F132098ED00A04A44 /* Frameworks */ = {
			isa = PBXGroup;
			children = (
				9ED13A4513209FCF00A04A44 /* QuartzCore.framework */,
				9ED13A20132098ED00A04A44 /* UIKit.framework */,
				9ED13A22132098ED00A04A44 /* Foundation.framework */,
				9ED13A24132098ED00A04A44 /* CoreGraphics.framework */,
			);
			name = Frameworks;
			sourceTree = "<group>";
		};
		9ED13A26132098ED00A04A44 /* TouchTracker */ = {
			isa = PBXGroup;
			children = (
				9ED13A43132099CC00A04A44 /* MainWindow.xib */,
				9ED13A3D1320992900A04A44 /* TouchTrackerAppDelegate.h */,
				9ED13A3A1320992900A04A44 /* TouchTrackerAppDelegate.m */,
				9ED13A3C1320992900A04A44 /* TouchDrawView.h */,
				9ED13A3B1320992900A04A44 /* TouchDrawView.m */,
				9ED13A3F1320992900A04A44 /* Line.h */,
				9ED13A3E1320992900A04A44 /* Line.m */,
				9ED13A471320A3FA00A04A44 /* UIColor+Extract.h */,
				9ED13A481320A3FB00A04A44 /* UIColor+Extract.m */,
				9ED13A27132098ED00A04A44 /* Supporting Files */,
			);
			path = TouchTracker;
			sourceTree = "<group>";
		};
		9ED13A27132098ED00A04A44 /* Supporting Files */ = {
			isa = PBXGroup;
			children = (
				9ED13A28132098ED00A04A44 /* TouchTracker-Info.plist */,
				9ED13A29132098ED00A04A44 /* InfoPlist.strings */,
				9ED13A2C132098ED00A04A44 /* TouchTracker-Prefix.pch */,
				9ED13A2D132098ED00A04A44 /* main.m */,
			);
			name = "Supporting Files";
			sourceTree = "<group>";
		};
/* End PBXGroup section */

/* Begin PBXNativeTarget section */
		9ED13A1B132098ED00A04A44 /* TouchTracker */ = {
			isa = PBXNativeTarget;
			buildConfigurationList = 9ED13A37132098EE00A04A44 /* Build configuration list for PBXNativeTarget "TouchTracker" */;
			buildPhases = (
				9ED13A18132098ED00A04A44 /* Sources */,
				9ED13A19132098ED00A04A44 /* Frameworks */,
				9ED13A1A132098ED00A04A44 /* Resources */,
			);
			buildRules = (
			);
			dependencies = (
			);
			name = TouchTracker;
			productName = TouchTracker;
			productReference = 9ED13A1C132098ED00A04A44 /* TouchTracker.app */;
			productType = "com.apple.product-type.application";
		};
/* End PBXNativeTarget section */

/* Begin PBXProject section */
		9ED13A13132098ED00A04A44 /* Project object */ = {
			isa = PBXProject;
			buildConfigurationList = 9ED13A16132098ED00A04A44 /* Build configuration list for PBXProject "TouchTracker" */;
			compatibilityVersion = "Xcode 3.2";
			developmentRegion = English;
			hasScannedForEncodings = 0;
			knownRegions = (
				en,
			);
			mainGroup = 9ED13A11132098ED00A04A44;
			productRefGroup = 9ED13A1D132098ED00A04A44 /* Products */;
			projectDirPath = "";
			projectRoot = "";
			targets = (
				9ED13A1B132098ED00A04A44 /* TouchTracker */,
			);
		};
/* End PBXProject section */

/* Begin PBXResourcesBuildPhase section */
		9ED13A1A132098ED00A04A44 /* Resources */ = {
			isa = PBXResourcesBuildPhase;
			buildActionMask = 2147483647;
			files = (
				9ED13A2B132098ED00A04A44 /* InfoPlist.strings in Resources */,
				9ED13A44132099CC00A04A44 /* MainWindow.xib in Resources */,
			);
			runOnlyForDeploymentPostprocessing = 0;
		};
/* End PBXResourcesBuildPhase section */

/* Begin PBXSourcesBuildPhase section */
		9ED13A18132098ED00A04A44 /* Sources */ = {
			isa = PBXSourcesBuildPhase;
			buildActionMask = 2147483647;
			files = (
				9ED13A2E132098ED00A04A44 /* main.m in Sources */,
				9ED13A401320992900A04A44 /* TouchTrackerAppDelegate.m in Sources */,
				9ED13A411320992900A04A44 /* TouchDrawView.m in Sources */,
				9ED13A421320992900A04A44 /* Line.m in Sources */,
				9ED13A491320A3FD00A04A44 /* UIColor+Extract.m in Sources */,
			);
			runOnlyForDeploymentPostprocessing = 0;
		};
/* End PBXSourcesBuildPhase section */

/* Begin PBXVariantGroup section */
		9ED13A29132098ED00A04A44 /* InfoPlist.strings */ = {
			isa = PBXVariantGroup;
			children = (
				9ED13A2A132098ED00A04A44 /* en */,
			);
			name = InfoPlist.strings;
			sourceTree = "<group>";
		};
/* End PBXVariantGroup section */

/* Begin XCBuildConfiguration section */
		9ED13A35132098EE00A04A44 /* Debug */ = {
			isa = XCBuildConfiguration;
			buildSettings = {
				ARCHS = "$(ARCHS_STANDARD_32_BIT)";
				"CODE_SIGN_IDENTITY[sdk=iphoneos*]" = "iPhone Developer";
				GCC_C_LANGUAGE_STANDARD = gnu99;
				GCC_OPTIMIZATION_LEVEL = 0;
				GCC_PREPROCESSOR_DEFINITIONS = DEBUG;
				GCC_VERSION = com.apple.compilers.llvmgcc42;
				GCC_WARN_ABOUT_RETURN_TYPE = YES;
				GCC_WARN_UNUSED_VARIABLE = YES;
				IPHONEOS_DEPLOYMENT_TARGET = 4.2;
				SDKROOT = iphoneos;
			};
			name = Debug;
		};
		9ED13A36132098EE00A04A44 /* Release */ = {
			isa = XCBuildConfiguration;
			buildSettings = {
				ARCHS = "$(ARCHS_STANDARD_32_BIT)";
				"CODE_SIGN_IDENTITY[sdk=iphoneos*]" = "iPhone Developer";
				GCC_C_LANGUAGE_STANDARD = gnu99;
				GCC_VERSION = com.apple.compilers.llvmgcc42;
				GCC_WARN_ABOUT_RETURN_TYPE = YES;
				GCC_WARN_UNUSED_VARIABLE = YES;
				IPHONEOS_DEPLOYMENT_TARGET = 4.2;
				OTHER_CFLAGS = "-DNS_BLOCK_ASSERTIONS=1";
				SDKROOT = iphoneos;
			};
			name = Release;
		};
		9ED13A38132098EE00A04A44 /* Debug */ = {
			isa = XCBuildConfiguration;
			buildSettings = {
				ALWAYS_SEARCH_USER_PATHS = NO;
				COPY_PHASE_STRIP = NO;
				GCC_DYNAMIC_NO_PIC = NO;
				GCC_PRECOMPILE_PREFIX_HEADER = YES;
				GCC_PREFIX_HEADER = "TouchTracker/TouchTracker-Prefix.pch";
				INFOPLIST_FILE = "TouchTracker/TouchTracker-Info.plist";
				INSTALL_PATH = "$(LOCAL_APPS_DIR)";
				PRODUCT_NAME = "$(TARGET_NAME)";
				WRAPPER_EXTENSION = app;
			};
			name = Debug;
		};
		9ED13A39132098EE00A04A44 /* Release */ = {
			isa = XCBuildConfiguration;
			buildSettings = {
				ALWAYS_SEARCH_USER_PATHS = NO;
				COPY_PHASE_STRIP = YES;
				GCC_PRECOMPILE_PREFIX_HEADER = YES;
				GCC_PREFIX_HEADER = "TouchTracker/TouchTracker-Prefix.pch";
				INFOPLIST_FILE = "TouchTracker/TouchTracker-Info.plist";
				INSTALL_PATH = "$(LOCAL_APPS_DIR)";
				PRODUCT_NAME = "$(TARGET_NAME)";
				VALIDATE_PRODUCT = YES;
				WRAPPER_EXTENSION = app;
			};
			name = Release;
		};
/* End XCBuildConfiguration section */

/* Begin XCConfigurationList section */
		9ED13A16132098ED00A04A44 /* Build configuration list for PBXProject "TouchTracker" */ = {
			isa = XCConfigurationList;
			buildConfigurations = (
				9ED13A35132098EE00A04A44 /* Debug */,
				9ED13A36132098EE00A04A44 /* Release */,
			);
			defaultConfigurationIsVisible = 0;
			defaultConfigurationName = Release;
		};
		9ED13A37132098EE00A04A44 /* Build configuration list for PBXNativeTarget "TouchTracker" */ = {
			isa = XCConfigurationList;
			buildConfigurations = (
				9ED13A38132098EE00A04A44 /* Debug */,
				9ED13A39132098EE00A04A44 /* Release */,
			);
			defaultConfigurationIsVisible = 0;
			defaultConfigurationName = Release;
		};
/* End XCConfigurationList section */
	};
	rootObject = 9ED13A13132098ED00A04A44 /* Project object */;
}
